{
  "version": "4",
  "specifiers": {
    "jsr:@hono/hono@*": "4.6.12",
    "jsr:@hono/hono@^4.6.12": "4.6.12",
    "npm:chanfana@*": "2.3.0_zod@3.23.8",
    "npm:chanfana@^2.3.0": "2.3.0_zod@3.23.8",
    "npm:zod@^3.23.8": "3.23.8"
  },
  "jsr": {
    "@hono/hono@4.6.12": {
      "integrity": "fa0b97fa7c3292f0d9957109ac07a475fe485868795b71b8e3114c284152cdb5"
    }
  },
  "npm": {
    "@asteasolutions/zod-to-openapi@7.2.0_zod@3.23.8": {
      "integrity": "sha512-Va+Fq1QzKkSgmiYINSp3cASFhMsbdRH/kmCk2feijhC+yNjGoC056CRqihrVFhR8MY8HOZHdlYm2Ns2lmszCiw==",
      "dependencies": [
        "openapi3-ts",
        "zod"
      ]
    },
    "argparse@2.0.1": {
      "integrity": "sha512-8+9WqebbFzpX9OR+Wa6O29asIogeRMzcGtAINdpMHHyAg10f05aSFVBbcEqGf/PXw1EjAZ+q2/bEBg3DvurK3Q=="
    },
    "chanfana@2.3.0_zod@3.23.8": {
      "integrity": "sha512-w00UUBicvW0V8nPqYQciRJeDzLvJdNAkK5mQWbTHctPE21zJxqIFG/uMkjJdnWfAyvRtVOGyBZ+weoWxN9tqYg==",
      "dependencies": [
        "@asteasolutions/zod-to-openapi",
        "js-yaml",
        "openapi3-ts",
        "zod"
      ]
    },
    "js-yaml@4.1.0": {
      "integrity": "sha512-wpxZs9NoxZaJESJGIZTyDEaYpl0FKSA+FB9aJiyemKhMwkxQg63h4T1KJgUGHpTqPDNRcmmYLugrRjJlBtWvRA==",
      "dependencies": [
        "argparse"
      ]
    },
    "openapi3-ts@4.4.0": {
      "integrity": "sha512-9asTNB9IkKEzWMcHmVZE7Ts3kC9G7AFHfs8i7caD8HbI76gEjdkId4z/AkP83xdZsH7PLAnnbl47qZkXuxpArw==",
      "dependencies": [
        "yaml"
      ]
    },
    "yaml@2.6.1": {
      "integrity": "sha512-7r0XPzioN/Q9kXBro/XPnA6kznR73DHq+GXh5ON7ZozRO6aMjbmiBuKste2wslTFkC5d1dw0GooOCepZXJ2SAg=="
    },
    "zod@3.23.8": {
      "integrity": "sha512-XBx9AXhXktjUqnepgTiE5flcKIYWi/rme0Eaj+5Y0lftuGBq+jyRu/md4WnuxqgP1ubdpNCsYEYPxrzVHD8d6g=="
    }
  },
  "workspace": {
    "dependencies": [
      "jsr:@hono/hono@^4.6.12",
      "npm:chanfana@^2.3.0",
      "npm:zod@^3.23.8"
    ]
  }
}
